// !$*UTF8*$!
{
	archiveVersion = 1;
	classes = {
	};
	objectVersion = 46;
	objects = {

/* Begin PBXBuildFile section */
		6410F9A01F21D69E005C2DDC /* PlayerMotion.swift in Sources */ = {isa = PBXBuildFile; fileRef = 6410F99F1F21D69E005C2DDC /* PlayerMotion.swift */; };
		64326AB51F1398AA007673E3 /* GameViewController.swift in Sources */ = {isa = PBXBuildFile; fileRef = 64326AB41F1398AA007673E3 /* GameViewController.swift */; };
		64326ABD1F139E55007673E3 /* GameScene.swift in Sources */ = {isa = PBXBuildFile; fileRef = 64326ABC1F139E55007673E3 /* GameScene.swift */; };
		643CEA001F28A58700A2D4C6 /* CenteredSpriteHitbox.swift in Sources */ = {isa = PBXBuildFile; fileRef = 643CE9FF1F28A58700A2D4C6 /* CenteredSpriteHitbox.swift */; };
		643FC8C01F1F6C9600EA7727 /* SpriteAtlas.swift in Sources */ = {isa = PBXBuildFile; fileRef = 643FC8BF1F1F6C9600EA7727 /* SpriteAtlas.swift */; };
		643FC8C21F1F6CEF00EA7727 /* SpriteType.swift in Sources */ = {isa = PBXBuildFile; fileRef = 643FC8C11F1F6CEF00EA7727 /* SpriteType.swift */; };
		647C61E31F2B7C9100702AE5 /* ShotStyle.swift in Sources */ = {isa = PBXBuildFile; fileRef = 647C61E21F2B7C9100702AE5 /* ShotStyle.swift */; };
		647D7EA01F20C8A600721F76 /* ShootingStyle.swift in Sources */ = {isa = PBXBuildFile; fileRef = 647D7E9F1F20C8A600721F76 /* ShootingStyle.swift */; };
		647D7EA41F20CE6000721F76 /* ShootingStyleDefinition.swift in Sources */ = {isa = PBXBuildFile; fileRef = 647D7EA31F20CE6000721F76 /* ShootingStyleDefinition.swift */; };
		647D7EA61F20D78A00721F76 /* ShotMotion.swift in Sources */ = {isa = PBXBuildFile; fileRef = 647D7EA51F20D78A00721F76 /* ShotMotion.swift */; };
		64846A331F1F3BF60053A926 /* GLKTextureLoader.swift in Sources */ = {isa = PBXBuildFile; fileRef = 64846A321F1F3BF60053A926 /* GLKTextureLoader.swift */; };
		648DD06A1F116EB9002A7398 /* AppDelegate.swift in Sources */ = {isa = PBXBuildFile; fileRef = 648DD0691F116EB9002A7398 /* AppDelegate.swift */; };
		648DD06F1F116EB9002A7398 /* Main.storyboard in Resources */ = {isa = PBXBuildFile; fileRef = 648DD06D1F116EB9002A7398 /* Main.storyboard */; };
		648DD0711F116EB9002A7398 /* Assets.xcassets in Resources */ = {isa = PBXBuildFile; fileRef = 648DD0701F116EB9002A7398 /* Assets.xcassets */; };
		648DD0741F116EB9002A7398 /* LaunchScreen.storyboard in Resources */ = {isa = PBXBuildFile; fileRef = 648DD0721F116EB9002A7398 /* LaunchScreen.storyboard */; };
		64BB386F1F29C91300CAB9FC /* Kanji.swift in Sources */ = {isa = PBXBuildFile; fileRef = 64BB386E1F29C91300CAB9FC /* Kanji.swift */; };
		64BB38A11F2B4A7000CAB9FC /* Enumerable.swift in Sources */ = {isa = PBXBuildFile; fileRef = 64BB38A01F2B4A7000CAB9FC /* Enumerable.swift */; };
		64BB38A31F2B4A9A00CAB9FC /* Wave.swift in Sources */ = {isa = PBXBuildFile; fileRef = 64BB38A21F2B4A9A00CAB9FC /* Wave.swift */; };
		64BB38A51F2B4ACF00CAB9FC /* Group.swift in Sources */ = {isa = PBXBuildFile; fileRef = 64BB38A41F2B4ACF00CAB9FC /* Group.swift */; };
		64BB38A71F2B4AEB00CAB9FC /* Shape.swift in Sources */ = {isa = PBXBuildFile; fileRef = 64BB38A61F2B4AEB00CAB9FC /* Shape.swift */; };
		64BB38A91F2B4AFA00CAB9FC /* ShapeSize.swift in Sources */ = {isa = PBXBuildFile; fileRef = 64BB38A81F2B4AFA00CAB9FC /* ShapeSize.swift */; };
		64BB38AB1F2B4BB700CAB9FC /* Formation.swift in Sources */ = {isa = PBXBuildFile; fileRef = 64BB38AA1F2B4BB700CAB9FC /* Formation.swift */; };
		64BB38AD1F2B4BCE00CAB9FC /* Boss.swift in Sources */ = {isa = PBXBuildFile; fileRef = 64BB38AC1F2B4BCE00CAB9FC /* Boss.swift */; };
		64D03B251F289119009A0212 /* Melisse.framework in Frameworks */ = {isa = PBXBuildFile; fileRef = 64EB3CC91F264FF4002596BB /* Melisse.framework */; };
		64D03B281F2897BD009A0212 /* Melisse.framework in CopyFiles */ = {isa = PBXBuildFile; fileRef = 64EB3CC91F264FF4002596BB /* Melisse.framework */; settings = {ATTRIBUTES = (CodeSignOnCopy, RemoveHeadersOnCopy, ); }; };
		64EB3CCE1F26502B002596BB /* LevelManager.swift in Sources */ = {isa = PBXBuildFile; fileRef = 64EB3CCD1F26502B002596BB /* LevelManager.swift */; };
		64EB3CD31F265FA9002596BB /* EnemyMotion.swift in Sources */ = {isa = PBXBuildFile; fileRef = 64EB3CD21F265FA9002596BB /* EnemyMotion.swift */; };
		64EEA17E1F3063E00085DFD4 /* BaseMotion.swift in Sources */ = {isa = PBXBuildFile; fileRef = 64EEA17D1F3063E00085DFD4 /* BaseMotion.swift */; };
		64EEA1951F31AC760085DFD4 /* StationaryEnemyMotion.swift in Sources */ = {isa = PBXBuildFile; fileRef = 64EEA1941F31AC760085DFD4 /* StationaryEnemyMotion.swift */; };
		64EEA1971F31AC9C0085DFD4 /* QuarterCircleEnemyMotion.swift in Sources */ = {isa = PBXBuildFile; fileRef = 64EEA1961F31AC9C0085DFD4 /* QuarterCircleEnemyMotion.swift */; };
		64EEA19A1F31AD680085DFD4 /* FormationDefinition.swift in Sources */ = {isa = PBXBuildFile; fileRef = 64EEA1991F31AD680085DFD4 /* FormationDefinition.swift */; };
		64EEA1A01F321E480085DFD4 /* FormationManager.swift in Sources */ = {isa = PBXBuildFile; fileRef = 64EEA19F1F321E480085DFD4 /* FormationManager.swift */; };
		64FCBCA61F25D39700536C57 /* Level.swift in Sources */ = {isa = PBXBuildFile; fileRef = 64FCBCA51F25D39700536C57 /* Level.swift */; };
/* End PBXBuildFile section */

/* Begin PBXContainerItemProxy section */
		64D03B261F2897B0009A0212 /* PBXContainerItemProxy */ = {
			isa = PBXContainerItemProxy;
			containerPortal = 647D7E851F20970700721F76 /* Melisse.xcodeproj */;
			proxyType = 1;
			remoteGlobalIDString = 643817D71CE7A194002C68F8;
			remoteInfo = "Melisse-iOS";
		};
		64EB3CC81F264FF4002596BB /* PBXContainerItemProxy */ = {
			isa = PBXContainerItemProxy;
			containerPortal = 647D7E851F20970700721F76 /* Melisse.xcodeproj */;
			proxyType = 2;
			remoteGlobalIDString = 643817D81CE7A194002C68F8;
			remoteInfo = "Melisse-iOS";
		};
		64EB3CCA1F264FF4002596BB /* PBXContainerItemProxy */ = {
			isa = PBXContainerItemProxy;
			containerPortal = 647D7E851F20970700721F76 /* Melisse.xcodeproj */;
			proxyType = 2;
			remoteGlobalIDString = 6429FED01CE879000052ED4D;
			remoteInfo = "Melisse-Mac";
		};
/* End PBXContainerItemProxy section */

/* Begin PBXCopyFilesBuildPhase section */
		64DD862B1F1F9888000C2CA3 /* CopyFiles */ = {
			isa = PBXCopyFilesBuildPhase;
			buildActionMask = 2147483647;
			dstPath = "";
			dstSubfolderSpec = 10;
			files = (
				64D03B281F2897BD009A0212 /* Melisse.framework in CopyFiles */,
			);
			runOnlyForDeploymentPostprocessing = 0;
		};
/* End PBXCopyFilesBuildPhase section */

/* Begin PBXFileReference section */
		6410F99F1F21D69E005C2DDC /* PlayerMotion.swift */ = {isa = PBXFileReference; fileEncoding = 4; lastKnownFileType = sourcecode.swift; path = PlayerMotion.swift; sourceTree = "<group>"; };
		64326AB41F1398AA007673E3 /* GameViewController.swift */ = {isa = PBXFileReference; fileEncoding = 4; lastKnownFileType = sourcecode.swift; name = GameViewController.swift; path = Yamato/GameViewController.swift; sourceTree = "<group>"; };
		64326ABC1F139E55007673E3 /* GameScene.swift */ = {isa = PBXFileReference; fileEncoding = 4; lastKnownFileType = sourcecode.swift; path = GameScene.swift; sourceTree = "<group>"; };
		643CE9FF1F28A58700A2D4C6 /* CenteredSpriteHitbox.swift */ = {isa = PBXFileReference; fileEncoding = 4; lastKnownFileType = sourcecode.swift; path = CenteredSpriteHitbox.swift; sourceTree = "<group>"; };
		643FC8BF1F1F6C9600EA7727 /* SpriteAtlas.swift */ = {isa = PBXFileReference; fileEncoding = 4; lastKnownFileType = sourcecode.swift; path = SpriteAtlas.swift; sourceTree = "<group>"; };
		643FC8C11F1F6CEF00EA7727 /* SpriteType.swift */ = {isa = PBXFileReference; fileEncoding = 4; lastKnownFileType = sourcecode.swift; path = SpriteType.swift; sourceTree = "<group>"; };
		647C61E21F2B7C9100702AE5 /* ShotStyle.swift */ = {isa = PBXFileReference; fileEncoding = 4; lastKnownFileType = sourcecode.swift; path = ShotStyle.swift; sourceTree = "<group>"; };
		647D7E851F20970700721F76 /* Melisse.xcodeproj */ = {isa = PBXFileReference; lastKnownFileType = "wrapper.pb-project"; name = Melisse.xcodeproj; path = ../melisse/Melisse.xcodeproj; sourceTree = "<group>"; };
		647D7E9F1F20C8A600721F76 /* ShootingStyle.swift */ = {isa = PBXFileReference; fileEncoding = 4; lastKnownFileType = sourcecode.swift; path = ShootingStyle.swift; sourceTree = "<group>"; };
		647D7EA31F20CE6000721F76 /* ShootingStyleDefinition.swift */ = {isa = PBXFileReference; fileEncoding = 4; lastKnownFileType = sourcecode.swift; path = ShootingStyleDefinition.swift; sourceTree = "<group>"; };
		647D7EA51F20D78A00721F76 /* ShotMotion.swift */ = {isa = PBXFileReference; fileEncoding = 4; lastKnownFileType = sourcecode.swift; path = ShotMotion.swift; sourceTree = "<group>"; };
		64846A321F1F3BF60053A926 /* GLKTextureLoader.swift */ = {isa = PBXFileReference; fileEncoding = 4; lastKnownFileType = sourcecode.swift; path = GLKTextureLoader.swift; sourceTree = "<group>"; };
		648DD0661F116EB9002A7398 /* Yamato.app */ = {isa = PBXFileReference; explicitFileType = wrapper.application; includeInIndex = 0; path = Yamato.app; sourceTree = BUILT_PRODUCTS_DIR; };
		648DD0691F116EB9002A7398 /* AppDelegate.swift */ = {isa = PBXFileReference; lastKnownFileType = sourcecode.swift; path = AppDelegate.swift; sourceTree = "<group>"; };
		648DD06E1F116EB9002A7398 /* Base */ = {isa = PBXFileReference; lastKnownFileType = file.storyboard; name = Base; path = Base.lproj/Main.storyboard; sourceTree = "<group>"; };
		648DD0701F116EB9002A7398 /* Assets.xcassets */ = {isa = PBXFileReference; lastKnownFileType = folder.assetcatalog; path = Assets.xcassets; sourceTree = "<group>"; };
		648DD0731F116EB9002A7398 /* Base */ = {isa = PBXFileReference; lastKnownFileType = file.storyboard; name = Base; path = Base.lproj/LaunchScreen.storyboard; sourceTree = "<group>"; };
		648DD0751F116EB9002A7398 /* Info.plist */ = {isa = PBXFileReference; lastKnownFileType = text.plist.xml; path = Info.plist; sourceTree = "<group>"; };
		64BB386E1F29C91300CAB9FC /* Kanji.swift */ = {isa = PBXFileReference; fileEncoding = 4; lastKnownFileType = sourcecode.swift; path = Kanji.swift; sourceTree = "<group>"; };
		64BB38A01F2B4A7000CAB9FC /* Enumerable.swift */ = {isa = PBXFileReference; fileEncoding = 4; lastKnownFileType = sourcecode.swift; path = Enumerable.swift; sourceTree = "<group>"; };
		64BB38A21F2B4A9A00CAB9FC /* Wave.swift */ = {isa = PBXFileReference; fileEncoding = 4; lastKnownFileType = sourcecode.swift; path = Wave.swift; sourceTree = "<group>"; };
		64BB38A41F2B4ACF00CAB9FC /* Group.swift */ = {isa = PBXFileReference; fileEncoding = 4; lastKnownFileType = sourcecode.swift; path = Group.swift; sourceTree = "<group>"; };
		64BB38A61F2B4AEB00CAB9FC /* Shape.swift */ = {isa = PBXFileReference; fileEncoding = 4; lastKnownFileType = sourcecode.swift; path = Shape.swift; sourceTree = "<group>"; };
		64BB38A81F2B4AFA00CAB9FC /* ShapeSize.swift */ = {isa = PBXFileReference; fileEncoding = 4; lastKnownFileType = sourcecode.swift; path = ShapeSize.swift; sourceTree = "<group>"; };
		64BB38AA1F2B4BB700CAB9FC /* Formation.swift */ = {isa = PBXFileReference; fileEncoding = 4; lastKnownFileType = sourcecode.swift; path = Formation.swift; sourceTree = "<group>"; };
		64BB38AC1F2B4BCE00CAB9FC /* Boss.swift */ = {isa = PBXFileReference; fileEncoding = 4; lastKnownFileType = sourcecode.swift; path = Boss.swift; sourceTree = "<group>"; };
		64D03B231F289114009A0212 /* AVFoundation.framework */ = {isa = PBXFileReference; lastKnownFileType = wrapper.framework; name = AVFoundation.framework; path = System/Library/Frameworks/AVFoundation.framework; sourceTree = SDKROOT; };
		64EB3CCD1F26502B002596BB /* LevelManager.swift */ = {isa = PBXFileReference; fileEncoding = 4; lastKnownFileType = sourcecode.swift; path = LevelManager.swift; sourceTree = "<group>"; };
		64EB3CD21F265FA9002596BB /* EnemyMotion.swift */ = {isa = PBXFileReference; fileEncoding = 4; lastKnownFileType = sourcecode.swift; path = EnemyMotion.swift; sourceTree = "<group>"; };
		64EEA17D1F3063E00085DFD4 /* BaseMotion.swift */ = {isa = PBXFileReference; fileEncoding = 4; lastKnownFileType = sourcecode.swift; path = BaseMotion.swift; sourceTree = "<group>"; };
		64EEA1941F31AC760085DFD4 /* StationaryEnemyMotion.swift */ = {isa = PBXFileReference; fileEncoding = 4; lastKnownFileType = sourcecode.swift; path = StationaryEnemyMotion.swift; sourceTree = "<group>"; };
		64EEA1961F31AC9C0085DFD4 /* QuarterCircleEnemyMotion.swift */ = {isa = PBXFileReference; fileEncoding = 4; lastKnownFileType = sourcecode.swift; path = QuarterCircleEnemyMotion.swift; sourceTree = "<group>"; };
		64EEA1991F31AD680085DFD4 /* FormationDefinition.swift */ = {isa = PBXFileReference; fileEncoding = 4; lastKnownFileType = sourcecode.swift; path = FormationDefinition.swift; sourceTree = "<group>"; };
		64EEA19F1F321E480085DFD4 /* FormationManager.swift */ = {isa = PBXFileReference; fileEncoding = 4; lastKnownFileType = sourcecode.swift; path = FormationManager.swift; sourceTree = "<group>"; };
		64FCBCA51F25D39700536C57 /* Level.swift */ = {isa = PBXFileReference; fileEncoding = 4; lastKnownFileType = sourcecode.swift; path = Level.swift; sourceTree = "<group>"; };
/* End PBXFileReference section */

/* Begin PBXFrameworksBuildPhase section */
		648DD0631F116EB9002A7398 /* Frameworks */ = {
			isa = PBXFrameworksBuildPhase;
			buildActionMask = 2147483647;
			files = (
				64D03B251F289119009A0212 /* Melisse.framework in Frameworks */,
			);
			runOnlyForDeploymentPostprocessing = 0;
		};
/* End PBXFrameworksBuildPhase section */

/* Begin PBXGroup section */
		64326ABB1F139E40007673E3 /* Scenes */ = {
			isa = PBXGroup;
			children = (
				64326ABC1F139E55007673E3 /* GameScene.swift */,
			);
			name = Scenes;
			sourceTree = "<group>";
		};
		643FC8BE1F1F6C8900EA7727 /* Sprites */ = {
			isa = PBXGroup;
			children = (
				643CE9FF1F28A58700A2D4C6 /* CenteredSpriteHitbox.swift */,
				64846A321F1F3BF60053A926 /* GLKTextureLoader.swift */,
				643FC8BF1F1F6C9600EA7727 /* SpriteAtlas.swift */,
				643FC8C11F1F6CEF00EA7727 /* SpriteType.swift */,
			);
			name = Sprites;
			sourceTree = "<group>";
		};
		647D7E9D1F20C83B00721F76 /* Shots */ = {
			isa = PBXGroup;
			children = (
				647D7E9F1F20C8A600721F76 /* ShootingStyle.swift */,
				647D7EA31F20CE6000721F76 /* ShootingStyleDefinition.swift */,
				647D7EA51F20D78A00721F76 /* ShotMotion.swift */,
				647C61E21F2B7C9100702AE5 /* ShotStyle.swift */,
			);
			name = Shots;
			sourceTree = "<group>";
		};
		648DD05D1F116EB9002A7398 = {
			isa = PBXGroup;
			children = (
				64EB3CD11F265F53002596BB /* Motion */,
				64FCBCA31F25D38800536C57 /* Level */,
				64326ABB1F139E40007673E3 /* Scenes */,
				647D7E9D1F20C83B00721F76 /* Shots */,
				643FC8BE1F1F6C8900EA7727 /* Sprites */,
				64BB38A01F2B4A7000CAB9FC /* Enumerable.swift */,
				64326AB41F1398AA007673E3 /* GameViewController.swift */,
				648DD0681F116EB9002A7398 /* iOS */,
				648DD0671F116EB9002A7398 /* Products */,
				647D7E851F20970700721F76 /* Melisse.xcodeproj */,
				64D03B221F289114009A0212 /* Frameworks */,
			);
			sourceTree = "<group>";
		};
		648DD0671F116EB9002A7398 /* Products */ = {
			isa = PBXGroup;
			children = (
				648DD0661F116EB9002A7398 /* Yamato.app */,
			);
			name = Products;
			sourceTree = "<group>";
		};
		648DD0681F116EB9002A7398 /* iOS */ = {
			isa = PBXGroup;
			children = (
				648DD0691F116EB9002A7398 /* AppDelegate.swift */,
				648DD06D1F116EB9002A7398 /* Main.storyboard */,
				648DD0701F116EB9002A7398 /* Assets.xcassets */,
				648DD0721F116EB9002A7398 /* LaunchScreen.storyboard */,
				648DD0751F116EB9002A7398 /* Info.plist */,
			);
			name = iOS;
			path = Yamato;
			sourceTree = "<group>";
		};
		64D03B221F289114009A0212 /* Frameworks */ = {
			isa = PBXGroup;
			children = (
				64D03B231F289114009A0212 /* AVFoundation.framework */,
			);
			name = Frameworks;
			sourceTree = "<group>";
		};
		64EB3CC41F264FF4002596BB /* Products */ = {
			isa = PBXGroup;
			children = (
				64EB3CC91F264FF4002596BB /* Melisse.framework */,
				64EB3CCB1F264FF4002596BB /* Melisse.framework */,
			);
			name = Products;
			sourceTree = "<group>";
		};
		64EB3CD11F265F53002596BB /* Motion */ = {
			isa = PBXGroup;
			children = (
				64EEA1981F31ACB50085DFD4 /* Enemy Motions */,
				64EEA17D1F3063E00085DFD4 /* BaseMotion.swift */,
				64EB3CD21F265FA9002596BB /* EnemyMotion.swift */,
				6410F99F1F21D69E005C2DDC /* PlayerMotion.swift */,
			);
			name = Motion;
			sourceTree = "<group>";
		};
		64EEA1981F31ACB50085DFD4 /* Enemy Motions */ = {
			isa = PBXGroup;
			children = (
				64EEA1961F31AC9C0085DFD4 /* QuarterCircleEnemyMotion.swift */,
				64EEA1941F31AC760085DFD4 /* StationaryEnemyMotion.swift */,
			);
			name = "Enemy Motions";
			sourceTree = "<group>";
		};
		64FCBCA31F25D38800536C57 /* Level */ = {
			isa = PBXGroup;
			children = (
				64BB38AC1F2B4BCE00CAB9FC /* Boss.swift */,
				64BB38AA1F2B4BB700CAB9FC /* Formation.swift */,
				64EEA1991F31AD680085DFD4 /* FormationDefinition.swift */,
				64EEA19F1F321E480085DFD4 /* FormationManager.swift */,
				64BB38A41F2B4ACF00CAB9FC /* Group.swift */,
				64BB386E1F29C91300CAB9FC /* Kanji.swift */,
				64FCBCA51F25D39700536C57 /* Level.swift */,
				64EB3CCD1F26502B002596BB /* LevelManager.swift */,
				64BB38A61F2B4AEB00CAB9FC /* Shape.swift */,
				64BB38A81F2B4AFA00CAB9FC /* ShapeSize.swift */,
				64BB38A21F2B4A9A00CAB9FC /* Wave.swift */,
			);
			name = Level;
			sourceTree = "<group>";
		};
/* End PBXGroup section */

/* Begin PBXNativeTarget section */
		648DD0651F116EB9002A7398 /* Yamato */ = {
			isa = PBXNativeTarget;
			buildConfigurationList = 648DD0781F116EB9002A7398 /* Build configuration list for PBXNativeTarget "Yamato" */;
			buildPhases = (
				648DD0621F116EB9002A7398 /* Sources */,
				648DD0631F116EB9002A7398 /* Frameworks */,
				648DD0641F116EB9002A7398 /* Resources */,
				64DD862B1F1F9888000C2CA3 /* CopyFiles */,
			);
			buildRules = (
			);
			dependencies = (
				64D03B271F2897B0009A0212 /* PBXTargetDependency */,
			);
			name = Yamato;
			productName = Yamato;
			productReference = 648DD0661F116EB9002A7398 /* Yamato.app */;
			productType = "com.apple.product-type.application";
		};
/* End PBXNativeTarget section */

/* Begin PBXProject section */
		648DD05E1F116EB9002A7398 /* Project object */ = {
			isa = PBXProject;
			attributes = {
				LastSwiftUpdateCheck = 0830;
				LastUpgradeCheck = 0830;
				ORGANIZATIONNAME = "Raphaël Calabro";
				TargetAttributes = {
					648DD0651F116EB9002A7398 = {
						CreatedOnToolsVersion = 8.3.3;
						DevelopmentTeam = E6H8T594R7;
						ProvisioningStyle = Automatic;
					};
				};
			};
			buildConfigurationList = 648DD0611F116EB9002A7398 /* Build configuration list for PBXProject "Yamato" */;
			compatibilityVersion = "Xcode 3.2";
			developmentRegion = English;
			hasScannedForEncodings = 0;
			knownRegions = (
				en,
				Base,
			);
			mainGroup = 648DD05D1F116EB9002A7398;
			productRefGroup = 648DD0671F116EB9002A7398 /* Products */;
			projectDirPath = "";
			projectReferences = (
				{
					ProductGroup = 64EB3CC41F264FF4002596BB /* Products */;
					ProjectRef = 647D7E851F20970700721F76 /* Melisse.xcodeproj */;
				},
			);
			projectRoot = "";
			targets = (
				648DD0651F116EB9002A7398 /* Yamato */,
			);
		};
/* End PBXProject section */

/* Begin PBXReferenceProxy section */
		64EB3CC91F264FF4002596BB /* Melisse.framework */ = {
			isa = PBXReferenceProxy;
			fileType = wrapper.framework;
			path = Melisse.framework;
			remoteRef = 64EB3CC81F264FF4002596BB /* PBXContainerItemProxy */;
			sourceTree = BUILT_PRODUCTS_DIR;
		};
		64EB3CCB1F264FF4002596BB /* Melisse.framework */ = {
			isa = PBXReferenceProxy;
			fileType = wrapper.framework;
			path = Melisse.framework;
			remoteRef = 64EB3CCA1F264FF4002596BB /* PBXContainerItemProxy */;
			sourceTree = BUILT_PRODUCTS_DIR;
		};
/* End PBXReferenceProxy section */

/* Begin PBXResourcesBuildPhase section */
		648DD0641F116EB9002A7398 /* Resources */ = {
			isa = PBXResourcesBuildPhase;
			buildActionMask = 2147483647;
			files = (
				648DD0741F116EB9002A7398 /* LaunchScreen.storyboard in Resources */,
				648DD0711F116EB9002A7398 /* Assets.xcassets in Resources */,
				648DD06F1F116EB9002A7398 /* Main.storyboard in Resources */,
			);
			runOnlyForDeploymentPostprocessing = 0;
		};
/* End PBXResourcesBuildPhase section */

/* Begin PBXSourcesBuildPhase section */
		648DD0621F116EB9002A7398 /* Sources */ = {
			isa = PBXSourcesBuildPhase;
			buildActionMask = 2147483647;
			files = (
				64EEA1951F31AC760085DFD4 /* StationaryEnemyMotion.swift in Sources */,
				64EEA1971F31AC9C0085DFD4 /* QuarterCircleEnemyMotion.swift in Sources */,
				643CEA001F28A58700A2D4C6 /* CenteredSpriteHitbox.swift in Sources */,
				643FC8C21F1F6CEF00EA7727 /* SpriteType.swift in Sources */,
				64BB38A11F2B4A7000CAB9FC /* Enumerable.swift in Sources */,
				64BB38AB1F2B4BB700CAB9FC /* Formation.swift in Sources */,
				64FCBCA61F25D39700536C57 /* Level.swift in Sources */,
				64326ABD1F139E55007673E3 /* GameScene.swift in Sources */,
				647D7EA01F20C8A600721F76 /* ShootingStyle.swift in Sources */,
				64BB38A51F2B4ACF00CAB9FC /* Group.swift in Sources */,
				64BB386F1F29C91300CAB9FC /* Kanji.swift in Sources */,
				64EB3CCE1F26502B002596BB /* LevelManager.swift in Sources */,
				64846A331F1F3BF60053A926 /* GLKTextureLoader.swift in Sources */,
				6410F9A01F21D69E005C2DDC /* PlayerMotion.swift in Sources */,
				64326AB51F1398AA007673E3 /* GameViewController.swift in Sources */,
				64EEA17E1F3063E00085DFD4 /* BaseMotion.swift in Sources */,
				647C61E31F2B7C9100702AE5 /* ShotStyle.swift in Sources */,
				647D7EA61F20D78A00721F76 /* ShotMotion.swift in Sources */,
				64BB38A91F2B4AFA00CAB9FC /* ShapeSize.swift in Sources */,
				64BB38A31F2B4A9A00CAB9FC /* Wave.swift in Sources */,
				64BB38A71F2B4AEB00CAB9FC /* Shape.swift in Sources */,
				647D7EA41F20CE6000721F76 /* ShootingStyleDefinition.swift in Sources */,
				64EEA19A1F31AD680085DFD4 /* FormationDefinition.swift in Sources */,
				643FC8C01F1F6C9600EA7727 /* SpriteAtlas.swift in Sources */,
				648DD06A1F116EB9002A7398 /* AppDelegate.swift in Sources */,
				64EB3CD31F265FA9002596BB /* EnemyMotion.swift in Sources */,
				64BB38AD1F2B4BCE00CAB9FC /* Boss.swift in Sources */,
				64EEA1A01F321E480085DFD4 /* FormationManager.swift in Sources */,
			);
			runOnlyForDeploymentPostprocessing = 0;
		};
/* End PBXSourcesBuildPhase section */

/* Begin PBXTargetDependency section */
		64D03B271F2897B0009A0212 /* PBXTargetDependency */ = {
			isa = PBXTargetDependency;
			name = "Melisse-iOS";
			targetProxy = 64D03B261F2897B0009A0212 /* PBXContainerItemProxy */;
		};
/* End PBXTargetDependency section */

/* Begin PBXVariantGroup section */
		648DD06D1F116EB9002A7398 /* Main.storyboard */ = {
			isa = PBXVariantGroup;
			children = (
				648DD06E1F116EB9002A7398 /* Base */,
			);
			name = Main.storyboard;
			sourceTree = "<group>";
		};
		648DD0721F116EB9002A7398 /* LaunchScreen.storyboard */ = {
			isa = PBXVariantGroup;
			children = (
				648DD0731F116EB9002A7398 /* Base */,
			);
			name = LaunchScreen.storyboard;
			sourceTree = "<group>";
		};
/* End PBXVariantGroup section */

/* Begin XCBuildConfiguration section */
		648DD0761F116EB9002A7398 /* Debug */ = {
			isa = XCBuildConfiguration;
			buildSettings = {
				ALWAYS_SEARCH_USER_PATHS = NO;
				CLANG_ANALYZER_NONNULL = YES;
				CLANG_ANALYZER_NUMBER_OBJECT_CONVERSION = YES_AGGRESSIVE;
				CLANG_CXX_LANGUAGE_STANDARD = "gnu++0x";
				CLANG_CXX_LIBRARY = "libc++";
				CLANG_ENABLE_MODULES = YES;
				CLANG_ENABLE_OBJC_ARC = YES;
				CLANG_WARN_BOOL_CONVERSION = YES;
				CLANG_WARN_CONSTANT_CONVERSION = YES;
				CLANG_WARN_DIRECT_OBJC_ISA_USAGE = YES_ERROR;
				CLANG_WARN_DOCUMENTATION_COMMENTS = YES;
				CLANG_WARN_EMPTY_BODY = YES;
				CLANG_WARN_ENUM_CONVERSION = YES;
				CLANG_WARN_INFINITE_RECURSION = YES;
				CLANG_WARN_INT_CONVERSION = YES;
				CLANG_WARN_OBJC_ROOT_CLASS = YES_ERROR;
				CLANG_WARN_SUSPICIOUS_MOVE = YES;
				CLANG_WARN_UNREACHABLE_CODE = YES;
				CLANG_WARN__DUPLICATE_METHOD_MATCH = YES;
				"CODE_SIGN_IDENTITY[sdk=iphoneos*]" = "iPhone Developer";
				COPY_PHASE_STRIP = NO;
				DEBUG_INFORMATION_FORMAT = dwarf;
				ENABLE_STRICT_OBJC_MSGSEND = YES;
				ENABLE_TESTABILITY = YES;
				GCC_C_LANGUAGE_STANDARD = gnu99;
				GCC_DYNAMIC_NO_PIC = NO;
				GCC_NO_COMMON_BLOCKS = YES;
				GCC_OPTIMIZATION_LEVEL = 0;
				GCC_PREPROCESSOR_DEFINITIONS = (
					"DEBUG=1",
					"$(inherited)",
				);
				GCC_WARN_64_TO_32_BIT_CONVERSION = YES;
				GCC_WARN_ABOUT_RETURN_TYPE = YES_ERROR;
				GCC_WARN_UNDECLARED_SELECTOR = YES;
				GCC_WARN_UNINITIALIZED_AUTOS = YES_AGGRESSIVE;
				GCC_WARN_UNUSED_FUNCTION = YES;
				GCC_WARN_UNUSED_VARIABLE = YES;
				IPHONEOS_DEPLOYMENT_TARGET = 10.3;
				MTL_ENABLE_DEBUG_INFO = YES;
				ONLY_ACTIVE_ARCH = YES;
				SDKROOT = iphoneos;
				SWIFT_ACTIVE_COMPILATION_CONDITIONS = DEBUG;
				SWIFT_OPTIMIZATION_LEVEL = "-Onone";
				TARGETED_DEVICE_FAMILY = "1,2";
			};
			name = Debug;
		};
		648DD0771F116EB9002A7398 /* Release */ = {
			isa = XCBuildConfiguration;
			buildSettings = {
				ALWAYS_SEARCH_USER_PATHS = NO;
				CLANG_ANALYZER_NONNULL = YES;
				CLANG_ANALYZER_NUMBER_OBJECT_CONVERSION = YES_AGGRESSIVE;
				CLANG_CXX_LANGUAGE_STANDARD = "gnu++0x";
				CLANG_CXX_LIBRARY = "libc++";
				CLANG_ENABLE_MODULES = YES;
				CLANG_ENABLE_OBJC_ARC = YES;
				CLANG_WARN_BOOL_CONVERSION = YES;
				CLANG_WARN_CONSTANT_CONVERSION = YES;
				CLANG_WARN_DIRECT_OBJC_ISA_USAGE = YES_ERROR;
				CLANG_WARN_DOCUMENTATION_COMMENTS = YES;
				CLANG_WARN_EMPTY_BODY = YES;
				CLANG_WARN_ENUM_CONVERSION = YES;
				CLANG_WARN_INFINITE_RECURSION = YES;
				CLANG_WARN_INT_CONVERSION = YES;
				CLANG_WARN_OBJC_ROOT_CLASS = YES_ERROR;
				CLANG_WARN_SUSPICIOUS_MOVE = YES;
				CLANG_WARN_UNREACHABLE_CODE = YES;
				CLANG_WARN__DUPLICATE_METHOD_MATCH = YES;
				"CODE_SIGN_IDENTITY[sdk=iphoneos*]" = "iPhone Developer";
				COPY_PHASE_STRIP = NO;
				DEBUG_INFORMATION_FORMAT = "dwarf-with-dsym";
				ENABLE_NS_ASSERTIONS = NO;
				ENABLE_STRICT_OBJC_MSGSEND = YES;
				GCC_C_LANGUAGE_STANDARD = gnu99;
				GCC_NO_COMMON_BLOCKS = YES;
				GCC_WARN_64_TO_32_BIT_CONVERSION = YES;
				GCC_WARN_ABOUT_RETURN_TYPE = YES_ERROR;
				GCC_WARN_UNDECLARED_SELECTOR = YES;
				GCC_WARN_UNINITIALIZED_AUTOS = YES_AGGRESSIVE;
				GCC_WARN_UNUSED_FUNCTION = YES;
				GCC_WARN_UNUSED_VARIABLE = YES;
				IPHONEOS_DEPLOYMENT_TARGET = 10.3;
				MTL_ENABLE_DEBUG_INFO = NO;
				SDKROOT = iphoneos;
				SWIFT_OPTIMIZATION_LEVEL = "-Owholemodule";
				TARGETED_DEVICE_FAMILY = "1,2";
				VALIDATE_PRODUCT = YES;
			};
			name = Release;
		};
		648DD0791F116EB9002A7398 /* Debug */ = {
			isa = XCBuildConfiguration;
			buildSettings = {
				ASSETCATALOG_COMPILER_APPICON_NAME = AppIcon;
				DEVELOPMENT_TEAM = E6H8T594R7;
				FRAMEWORK_SEARCH_PATHS = (
					"$(inherited)",
					"$(PROJECT_DIR)",
				);
				INFOPLIST_FILE = Yamato/Info.plist;
				IPHONEOS_DEPLOYMENT_TARGET = 8.1;
				LD_RUNPATH_SEARCH_PATHS = "@executable_path/Frameworks";
				PRODUCT_BUNDLE_IDENTIFIER = fr.rca.Yamato;
				PRODUCT_NAME = "$(TARGET_NAME)";
				SWIFT_INSTALL_OBJC_HEADER = NO;
				SWIFT_VERSION = 3.0;
			};
			name = Debug;
		};
		648DD07A1F116EB9002A7398 /* Release */ = {
			isa = XCBuildConfiguration;
			buildSettings = {
				ASSETCATALOG_COMPILER_APPICON_NAME = AppIcon;
				DEVELOPMENT_TEAM = E6H8T594R7;
				FRAMEWORK_SEARCH_PATHS = (
					"$(inherited)",
					"$(PROJECT_DIR)",
				);
				INFOPLIST_FILE = Yamato/Info.plist;
				IPHONEOS_DEPLOYMENT_TARGET = 8.1;
				LD_RUNPATH_SEARCH_PATHS = "@executable_path/Frameworks";
				PRODUCT_BUNDLE_IDENTIFIER = fr.rca.Yamato;
				PRODUCT_NAME = "$(TARGET_NAME)";
				SWIFT_INSTALL_OBJC_HEADER = NO;
				SWIFT_VERSION = 3.0;
			};
			name = Release;
		};
/* End XCBuildConfiguration section */

/* Begin XCConfigurationList section */
		648DD0611F116EB9002A7398 /* Build configuration list for PBXProject "Yamato" */ = {
			isa = XCConfigurationList;
			buildConfigurations = (
				648DD0761F116EB9002A7398 /* Debug */,
				648DD0771F116EB9002A7398 /* Release */,
			);
			defaultConfigurationIsVisible = 0;
			defaultConfigurationName = Release;
		};
		648DD0781F116EB9002A7398 /* Build configuration list for PBXNativeTarget "Yamato" */ = {
			isa = XCConfigurationList;
			buildConfigurations = (
				648DD0791F116EB9002A7398 /* Debug */,
				648DD07A1F116EB9002A7398 /* Release */,
			);
			defaultConfigurationIsVisible = 0;
			defaultConfigurationName = Release;
		};
/* End XCConfigurationList section */
	};
	rootObject = 648DD05E1F116EB9002A7398 /* Project object */;
}
